
Microsoft Visual Studio Solution File, Format Version 12.00
# Visual Studio 15
VisualStudioVersion = 15.0.28307.1525
MinimumVisualStudioVersion = 10.0.40219.1
Project("{FAE04EC0-301F-11D3-BF4B-00C04F79EFBC}") = "jQueryAjaxCRUDInASPNETCore", "jQueryAjaxCRUDInASPNETCore\jQueryAjaxCRUDInASPNETCore.csproj", "{379FCDDE-5A35-490A-87C1-E3DF0CF70682}"
EndProject
Global
	GlobalSection(SolutionConfigurationPlatforms) = preSolution
		Debug|Any CPU = Debug|Any CPU
		Release|Any CPU = Release|Any CPU
	EndGlobalSection
	GlobalSection(ProjectConfigurationPlatforms) = postSolution
		{379FCDDE-5A35-490A-87C1-E3DF0CF70682}.Debug|Any CPU.ActiveCfg = Debug|Any CPU
		{379FCDDE-5A35-490A-87C1-E3DF0CF70682}.Debug|Any CPU.Build.0 = Debug|Any CPU
		{379FCDDE-5A35-490A-87C1-E3DF0CF70682}.Release|Any CPU.ActiveCfg = Release|Any CPU
		{379FCDDE-5A35-490A-87C1-E3DF0CF70682}.Release|Any CPU.Build.0 = Release|Any CPU
	EndGlobalSection
	GlobalSection(SolutionProperties) = preSolution
		HideSolutionNode = FALSE
	EndGlobalSection
	GlobalSection(ExtensibilityGlobals) = postSolution
		SolutionGuid = {E962F321-A55E-4BF5-8BF8-592505E4C9E9}
	EndGlobalSection
EndGlobal
